
Microsoft Visual Studio Solution File, Format Version 12.00
# Visual Studio Version 17
VisualStudioVersion = 17.0.31903.59
MinimumVisualStudioVersion = 10.0.40219.1
Project("{FAE04EC0-301F-11D3-BF4B-00C04F79EFBC}") = "Shared", "..\SharedLibrary\src\Shared\Shared.csproj", "{3BE27449-C5E2-4EEA-A100-328B658FDAD0}"
EndProject
Project("{2150E333-8FDC-42A3-9474-1A3956D46DE8}") = "src", "src", "{827E0CD3-B72D-47B6-A68D-7590B98EB39B}"
EndProject
Project("{FAE04EC0-301F-11D3-BF4B-00C04F79EFBC}") = "Smdb.Core", "src\Smdb.Core\Smdb.Core.csproj", "{DA94C21C-14B5-4CFB-BE17-5E1DC5549BCE}"
EndProject
Project("{2150E333-8FDC-42A3-9474-1A3956D46DE8}") = "tests", "tests", "{0AB3BF05-4346-4AA6-1389-037BE0695223}"
EndProject
Project("{FAE04EC0-301F-11D3-BF4B-00C04F79EFBC}") = "Smdb.Core.Test", "tests\Smdb.Core.Test\Smdb.Core.Test.csproj", "{55D228C9-735D-4A83-BAAE-6A785F969B8B}"
EndProject
Project("{FAE04EC0-301F-11D3-BF4B-00C04F79EFBC}") = "Smdb.Api", "src\Smdb.Api\Smdb.Api.csproj", "{6051A712-EA4A-439E-A118-5BD71130A91F}"
EndProject
Project("{FAE04EC0-301F-11D3-BF4B-00C04F79EFBC}") = "Smdb.Api.Test", "tests\Smdb.Api.Test\Smdb.Api.Test.csproj", "{41200BCF-0789-4927-BCAA-435C3D1E69BF}"
EndProject
Project("{FAE04EC0-301F-11D3-BF4B-00C04F79EFBC}") = "Smdb.Csr", "src\Smdb.Csr\Smdb.Csr.csproj", "{D125A64E-8BFC-4672-9BAE-53B8295019E0}"
EndProject
Project("{FAE04EC0-301F-11D3-BF4B-00C04F79EFBC}") = "Smdb.Csr.Test", "tests\Smdb.Csr.Test\Smdb.Csr.Test.csproj", "{5BA447F8-2466-46C1-8867-D7371A3B30FE}"
EndProject
Global
	GlobalSection(SolutionConfigurationPlatforms) = preSolution
		Debug|Any CPU = Debug|Any CPU
		Debug|x64 = Debug|x64
		Debug|x86 = Debug|x86
		Release|Any CPU = Release|Any CPU
		Release|x64 = Release|x64
		Release|x86 = Release|x86
	EndGlobalSection
	GlobalSection(ProjectConfigurationPlatforms) = postSolution
		{3BE27449-C5E2-4EEA-A100-328B658FDAD0}.Debug|Any CPU.ActiveCfg = Debug|Any CPU
		{3BE27449-C5E2-4EEA-A100-328B658FDAD0}.Debug|Any CPU.Build.0 = Debug|Any CPU
		{3BE27449-C5E2-4EEA-A100-328B658FDAD0}.Debug|x64.ActiveCfg = Debug|Any CPU
		{3BE27449-C5E2-4EEA-A100-328B658FDAD0}.Debug|x64.Build.0 = Debug|Any CPU
		{3BE27449-C5E2-4EEA-A100-328B658FDAD0}.Debug|x86.ActiveCfg = Debug|Any CPU
		{3BE27449-C5E2-4EEA-A100-328B658FDAD0}.Debug|x86.Build.0 = Debug|Any CPU
		{3BE27449-C5E2-4EEA-A100-328B658FDAD0}.Release|Any CPU.ActiveCfg = Release|Any CPU
		{3BE27449-C5E2-4EEA-A100-328B658FDAD0}.Release|Any CPU.Build.0 = Release|Any CPU
		{3BE27449-C5E2-4EEA-A100-328B658FDAD0}.Release|x64.ActiveCfg = Release|Any CPU
		{3BE27449-C5E2-4EEA-A100-328B658FDAD0}.Release|x64.Build.0 = Release|Any CPU
		{3BE27449-C5E2-4EEA-A100-328B658FDAD0}.Release|x86.ActiveCfg = Release|Any CPU
		{3BE27449-C5E2-4EEA-A100-328B658FDAD0}.Release|x86.Build.0 = Release|Any CPU
		{DA94C21C-14B5-4CFB-BE17-5E1DC5549BCE}.Debug|Any CPU.ActiveCfg = Debug|Any CPU
		{DA94C21C-14B5-4CFB-BE17-5E1DC5549BCE}.Debug|Any CPU.Build.0 = Debug|Any CPU
		{DA94C21C-14B5-4CFB-BE17-5E1DC5549BCE}.Debug|x64.ActiveCfg = Debug|Any CPU
		{DA94C21C-14B5-4CFB-BE17-5E1DC5549BCE}.Debug|x64.Build.0 = Debug|Any CPU
		{DA94C21C-14B5-4CFB-BE17-5E1DC5549BCE}.Debug|x86.ActiveCfg = Debug|Any CPU
		{DA94C21C-14B5-4CFB-BE17-5E1DC5549BCE}.Debug|x86.Build.0 = Debug|Any CPU
		{DA94C21C-14B5-4CFB-BE17-5E1DC5549BCE}.Release|Any CPU.ActiveCfg = Release|Any CPU
		{DA94C21C-14B5-4CFB-BE17-5E1DC5549BCE}.Release|Any CPU.Build.0 = Release|Any CPU
		{DA94C21C-14B5-4CFB-BE17-5E1DC5549BCE}.Release|x64.ActiveCfg = Release|Any CPU
		{DA94C21C-14B5-4CFB-BE17-5E1DC5549BCE}.Release|x64.Build.0 = Release|Any CPU
		{DA94C21C-14B5-4CFB-BE17-5E1DC5549BCE}.Release|x86.ActiveCfg = Release|Any CPU
		{DA94C21C-14B5-4CFB-BE17-5E1DC5549BCE}.Release|x86.Build.0 = Release|Any CPU
		{55D228C9-735D-4A83-BAAE-6A785F969B8B}.Debug|Any CPU.ActiveCfg = Debug|Any CPU
		{55D228C9-735D-4A83-BAAE-6A785F969B8B}.Debug|Any CPU.Build.0 = Debug|Any CPU
		{55D228C9-735D-4A83-BAAE-6A785F969B8B}.Debug|x64.ActiveCfg = Debug|Any CPU
		{55D228C9-735D-4A83-BAAE-6A785F969B8B}.Debug|x64.Build.0 = Debug|Any CPU
		{55D228C9-735D-4A83-BAAE-6A785F969B8B}.Debug|x86.ActiveCfg = Debug|Any CPU
		{55D228C9-735D-4A83-BAAE-6A785F969B8B}.Debug|x86.Build.0 = Debug|Any CPU
		{55D228C9-735D-4A83-BAAE-6A785F969B8B}.Release|Any CPU.ActiveCfg = Release|Any CPU
		{55D228C9-735D-4A83-BAAE-6A785F969B8B}.Release|Any CPU.Build.0 = Release|Any CPU
		{55D228C9-735D-4A83-BAAE-6A785F969B8B}.Release|x64.ActiveCfg = Release|Any CPU
		{55D228C9-735D-4A83-BAAE-6A785F969B8B}.Release|x64.Build.0 = Release|Any CPU
		{55D228C9-735D-4A83-BAAE-6A785F969B8B}.Release|x86.ActiveCfg = Release|Any CPU
		{55D228C9-735D-4A83-BAAE-6A785F969B8B}.Release|x86.Build.0 = Release|Any CPU
		{6051A712-EA4A-439E-A118-5BD71130A91F}.Debug|Any CPU.ActiveCfg = Debug|Any CPU
		{6051A712-EA4A-439E-A118-5BD71130A91F}.Debug|Any CPU.Build.0 = Debug|Any CPU
		{6051A712-EA4A-439E-A118-5BD71130A91F}.Debug|x64.ActiveCfg = Debug|Any CPU
		{6051A712-EA4A-439E-A118-5BD71130A91F}.Debug|x64.Build.0 = Debug|Any CPU
		{6051A712-EA4A-439E-A118-5BD71130A91F}.Debug|x86.ActiveCfg = Debug|Any CPU
		{6051A712-EA4A-439E-A118-5BD71130A91F}.Debug|x86.Build.0 = Debug|Any CPU
		{6051A712-EA4A-439E-A118-5BD71130A91F}.Release|Any CPU.ActiveCfg = Release|Any CPU
		{6051A712-EA4A-439E-A118-5BD71130A91F}.Release|Any CPU.Build.0 = Release|Any CPU
		{6051A712-EA4A-439E-A118-5BD71130A91F}.Release|x64.ActiveCfg = Release|Any CPU
		{6051A712-EA4A-439E-A118-5BD71130A91F}.Release|x64.Build.0 = Release|Any CPU
		{6051A712-EA4A-439E-A118-5BD71130A91F}.Release|x86.ActiveCfg = Release|Any CPU
		{6051A712-EA4A-439E-A118-5BD71130A91F}.Release|x86.Build.0 = Release|Any CPU
		{41200BCF-0789-4927-BCAA-435C3D1E69BF}.Debug|Any CPU.ActiveCfg = Debug|Any CPU
		{41200BCF-0789-4927-BCAA-435C3D1E69BF}.Debug|Any CPU.Build.0 = Debug|Any CPU
		{41200BCF-0789-4927-BCAA-435C3D1E69BF}.Debug|x64.ActiveCfg = Debug|Any CPU
		{41200BCF-0789-4927-BCAA-435C3D1E69BF}.Debug|x64.Build.0 = Debug|Any CPU
		{41200BCF-0789-4927-BCAA-435C3D1E69BF}.Debug|x86.ActiveCfg = Debug|Any CPU
		{41200BCF-0789-4927-BCAA-435C3D1E69BF}.Debug|x86.Build.0 = Debug|Any CPU
		{41200BCF-0789-4927-BCAA-435C3D1E69BF}.Release|Any CPU.ActiveCfg = Release|Any CPU
		{41200BCF-0789-4927-BCAA-435C3D1E69BF}.Release|Any CPU.Build.0 = Release|Any CPU
		{41200BCF-0789-4927-BCAA-435C3D1E69BF}.Release|x64.ActiveCfg = Release|Any CPU
		{41200BCF-0789-4927-BCAA-435C3D1E69BF}.Release|x64.Build.0 = Release|Any CPU
		{41200BCF-0789-4927-BCAA-435C3D1E69BF}.Release|x86.ActiveCfg = Release|Any CPU
		{41200BCF-0789-4927-BCAA-435C3D1E69BF}.Release|x86.Build.0 = Release|Any CPU
		{D125A64E-8BFC-4672-9BAE-53B8295019E0}.Debug|Any CPU.ActiveCfg = Debug|Any CPU
		{D125A64E-8BFC-4672-9BAE-53B8295019E0}.Debug|Any CPU.Build.0 = Debug|Any CPU
		{D125A64E-8BFC-4672-9BAE-53B8295019E0}.Debug|x64.ActiveCfg = Debug|Any CPU
		{D125A64E-8BFC-4672-9BAE-53B8295019E0}.Debug|x64.Build.0 = Debug|Any CPU
		{D125A64E-8BFC-4672-9BAE-53B8295019E0}.Debug|x86.ActiveCfg = Debug|Any CPU
		{D125A64E-8BFC-4672-9BAE-53B8295019E0}.Debug|x86.Build.0 = Debug|Any CPU
		{D125A64E-8BFC-4672-9BAE-53B8295019E0}.Release|Any CPU.ActiveCfg = Release|Any CPU
		{D125A64E-8BFC-4672-9BAE-53B8295019E0}.Release|Any CPU.Build.0 = Release|Any CPU
		{D125A64E-8BFC-4672-9BAE-53B8295019E0}.Release|x64.ActiveCfg = Release|Any CPU
		{D125A64E-8BFC-4672-9BAE-53B8295019E0}.Release|x64.Build.0 = Release|Any CPU
		{D125A64E-8BFC-4672-9BAE-53B8295019E0}.Release|x86.ActiveCfg = Release|Any CPU
		{D125A64E-8BFC-4672-9BAE-53B8295019E0}.Release|x86.Build.0 = Release|Any CPU
		{5BA447F8-2466-46C1-8867-D7371A3B30FE}.Debug|Any CPU.ActiveCfg = Debug|Any CPU
		{5BA447F8-2466-46C1-8867-D7371A3B30FE}.Debug|Any CPU.Build.0 = Debug|Any CPU
		{5BA447F8-2466-46C1-8867-D7371A3B30FE}.Debug|x64.ActiveCfg = Debug|Any CPU
		{5BA447F8-2466-46C1-8867-D7371A3B30FE}.Debug|x64.Build.0 = Debug|Any CPU
		{5BA447F8-2466-46C1-8867-D7371A3B30FE}.Debug|x86.ActiveCfg = Debug|Any CPU
		{5BA447F8-2466-46C1-8867-D7371A3B30FE}.Debug|x86.Build.0 = Debug|Any CPU
		{5BA447F8-2466-46C1-8867-D7371A3B30FE}.Release|Any CPU.ActiveCfg = Release|Any CPU
		{5BA447F8-2466-46C1-8867-D7371A3B30FE}.Release|Any CPU.Build.0 = Release|Any CPU
		{5BA447F8-2466-46C1-8867-D7371A3B30FE}.Release|x64.ActiveCfg = Release|Any CPU
		{5BA447F8-2466-46C1-8867-D7371A3B30FE}.Release|x64.Build.0 = Release|Any CPU
		{5BA447F8-2466-46C1-8867-D7371A3B30FE}.Release|x86.ActiveCfg = Release|Any CPU
		{5BA447F8-2466-46C1-8867-D7371A3B30FE}.Release|x86.Build.0 = Release|Any CPU
	EndGlobalSection
	GlobalSection(SolutionProperties) = preSolution
		HideSolutionNode = FALSE
	EndGlobalSection
	GlobalSection(NestedProjects) = preSolution
		{DA94C21C-14B5-4CFB-BE17-5E1DC5549BCE} = {827E0CD3-B72D-47B6-A68D-7590B98EB39B}
		{55D228C9-735D-4A83-BAAE-6A785F969B8B} = {0AB3BF05-4346-4AA6-1389-037BE0695223}
		{6051A712-EA4A-439E-A118-5BD71130A91F} = {827E0CD3-B72D-47B6-A68D-7590B98EB39B}
		{41200BCF-0789-4927-BCAA-435C3D1E69BF} = {0AB3BF05-4346-4AA6-1389-037BE0695223}
		{D125A64E-8BFC-4672-9BAE-53B8295019E0} = {827E0CD3-B72D-47B6-A68D-7590B98EB39B}
		{5BA447F8-2466-46C1-8867-D7371A3B30FE} = {0AB3BF05-4346-4AA6-1389-037BE0695223}
	EndGlobalSection
EndGlobal
